{
  "name": "liquid-glass",
  "lockfileVersion": 3,
  "requires": true,
  "packages": {
    "": {
      "name": "liquid-glass",
      "dependencies": {
        "@girs/clutter-17": "^17.0.0-4.0.0-rc.15",
        "@girs/gio-2.0": "^2.88.0-4.0.0-rc.15",
        "@girs/meta-17": "^17.0.0-4.0.0-rc.15",
        "@girs/st-13": "^13.0.0-4.0.0-rc.15",
        "@gtile/gjs": "^3.2.3"
      },
      "devDependencies": {
        "@girs/gnome-shell": "^50.0.0",
        "typescript": "^6.0.3"
      }
    },
    "node_modules/@girs/accountsservice-1.0": {
      "version": "1.0.0-4.0.0-rc.15",
      "resolved": "https://registry.npmjs.org/@girs/accountsservice-1.0/-/accountsservice-1.0-1.0.0-4.0.0-rc.15.tgz",
      "integrity": "sha512-zEnblWIIfs16tjrTkGPpje8gUzcXsfJpMm/FMWEZLulzo96eNjmyeSvCccGW3+K6y+2Ol68CW23yhLNJLJ3vEg==",
      "dev": true,
      "license": "MIT",
      "dependencies": {
        "@girs/gio-2.0": "2.88.0-4.0.0-rc.15",
        "@girs/gjs": "4.0.0-rc.15",
        "@girs/glib-2.0": "2.88.0-4.0.0-rc.15",
        "@girs/gmodule-2.0": "2.0.0-4.0.0-rc.15",
        "@girs/gobject-2.0": "2.88.0-4.0.0-rc.15"
      }
    },
    "node_modules/@girs/adw-1": {
      "version": "1.10.0-4.0.0-rc.15",
      "resolved": "https://registry.npmjs.org/@girs/adw-1/-/adw-1-1.10.0-4.0.0-rc.15.tgz",
      "integrity": "sha512-a0s6mgVUav5zRnlhgxnhmJ1cpwchg/XDRqBJNKml1bcOGLNRzfSFTLJ3I47Tl2WDYHDct62ZkSSKnxPErh+zRg==",
      "dev": true,
      "license": "MIT",
      "dependencies": {
        "@girs/cairo-1.0": "1.0.0-4.0.0-rc.15",
        "@girs/freetype2-2.0": "2.0.0-4.0.0-rc.15",
        "@girs/gdk-4.0": "4.0.0-4.0.0-rc.15",
        "@girs/gdkpixbuf-2.0": "2.0.0-4.0.0-rc.15",
        "@girs/gio-2.0": "2.88.0-4.0.0-rc.15",
        "@girs/gjs": "4.0.0-rc.15",
        "@girs/glib-2.0": "2.88.0-4.0.0-rc.15",
        "@girs/gmodule-2.0": "2.0.0-4.0.0-rc.15",
        "@girs/gobject-2.0": "2.88.0-4.0.0-rc.15",
        "@girs/graphene-1.0": "1.0.0-4.0.0-rc.15",
        "@girs/gsk-4.0": "4.0.0-4.0.0-rc.15",
        "@girs/gtk-4.0": "4.23.0-4.0.0-rc.15",
        "@girs/harfbuzz-0.0": "13.2.1-4.0.0-rc.15",
        "@girs/pango-1.0": "1.57.1-4.0.0-rc.15",
        "@girs/pangocairo-1.0": "1.0.0-4.0.0-rc.15"
      }
    },
    "node_modules/@girs/atk-1.0": {
      "version": "2.60.0-4.0.0-rc.15",
      "resolved": "https://registry.npmjs.org/@girs/atk-1.0/-/atk-1.0-2.60.0-4.0.0-rc.15.tgz",
      "integrity": "sha512-ZZ4a4+JaZJ0LtKIs+Cnox2y4bRwgI/iv9zeSmnBN7N09v+o/g6QbjY/5sOkd4g96iej1oxqQ8ZQYsCKGOWToYQ==",
      "license": "MIT",
      "dependencies": {
        "@girs/gjs": "4.0.0-rc.15",
        "@girs/glib-2.0": "2.88.0-4.0.0-rc.15",
        "@girs/gobject-2.0": "2.88.0-4.0.0-rc.15"
      }
    },
    "node_modules/@girs/cairo-1.0": {
      "version": "1.0.0-4.0.0-rc.15",
      "resolved": "https://registry.npmjs.org/@girs/cairo-1.0/-/cairo-1.0-1.0.0-4.0.0-rc.15.tgz",
      "integrity": "sha512-GkH1Zp/E049gntiU1enoR7sg4rqEC2uOtRJ28hl1sWkJteyGtUkDK6dQP3WE90JVyEN7eIZK4kmkXgGULqLUWA==",
      "license": "MIT",
      "dependencies": {
        "@girs/gjs": "4.0.0-rc.15",
        "@girs/glib-2.0": "2.88.0-4.0.0-rc.15",
        "@girs/gobject-2.0": "2.88.0-4.0.0-rc.15"
      }
    },
    "node_modules/@girs/cally-13": {
      "version": "13.0.0-4.0.0-rc.15",
      "resolved": "https://registry.npmjs.org/@girs/cally-13/-/cally-13-13.0.0-4.0.0-rc.15.tgz",
      "integrity": "sha512-R31j9QaNc4ySfP1cU+aGcGFdWyHP6ObQCQAto6RR3DiN2rZ5em2cusBxZOoBqa04+7Nyqn+AlFn9jnSlaq+vwg==",
      "license": "MIT",
      "dependencies": {
        "@girs/atk-1.0": "2.60.0-4.0.0-rc.15",
        "@girs/cairo-1.0": "1.0.0-4.0.0-rc.15",
        "@girs/clutter-13": "13.0.0-4.0.0-rc.15",
        "@girs/cogl-13": "13.0.0-4.0.0-rc.15",
        "@girs/coglpango-13": "13.0.0-4.0.0-rc.15",
        "@girs/freetype2-2.0": "2.0.0-4.0.0-rc.15",
        "@girs/gio-2.0": "2.88.0-4.0.0-rc.15",
        "@girs/gjs": "4.0.0-rc.15",
        "@girs/gl-1.0": "1.0.0-4.0.0-rc.15",
        "@girs/glib-2.0": "2.88.0-4.0.0-rc.15",
        "@girs/gmodule-2.0": "2.0.0-4.0.0-rc.15",
        "@girs/gobject-2.0": "2.88.0-4.0.0-rc.15",
        "@girs/graphene-1.0": "1.0.0-4.0.0-rc.15",
        "@girs/harfbuzz-0.0": "13.2.1-4.0.0-rc.15",
        "@girs/json-1.0": "1.10.8-4.0.0-rc.15",
        "@girs/mtk-13": "13.0.0-4.0.0-rc.15",
        "@girs/pango-1.0": "1.57.1-4.0.0-rc.15",
        "@girs/pangocairo-1.0": "1.0.0-4.0.0-rc.15"
      }
    },
    "node_modules/@girs/clutter-13": {
      "version": "13.0.0-4.0.0-rc.15",
      "resolved": "https://registry.npmjs.org/@girs/clutter-13/-/clutter-13-13.0.0-4.0.0-rc.15.tgz",
      "integrity": "sha512-BnIHUw1n7yJ0z5mKXZ07lYDdZkxQZ1LlT+w/ALuhAHWx8v8roFwjDXidRaEpFZ/5nM/uQMaGpXAJykKYwbmFVw==",
      "license": "MIT",
      "dependencies": {
        "@girs/atk-1.0": "2.60.0-4.0.0-rc.15",
        "@girs/cairo-1.0": "1.0.0-4.0.0-rc.15",
        "@girs/cogl-13": "13.0.0-4.0.0-rc.15",
        "@girs/coglpango-13": "13.0.0-4.0.0-rc.15",
        "@girs/freetype2-2.0": "2.0.0-4.0.0-rc.15",
        "@girs/gio-2.0": "2.88.0-4.0.0-rc.15",
        "@girs/gjs": "4.0.0-rc.15",
        "@girs/gl-1.0": "1.0.0-4.0.0-rc.15",
        "@girs/glib-2.0": "2.88.0-4.0.0-rc.15",
        "@girs/gmodule-2.0": "2.0.0-4.0.0-rc.15",
        "@girs/gobject-2.0": "2.88.0-4.0.0-rc.15",
        "@girs/graphene-1.0": "1.0.0-4.0.0-rc.15",
        "@girs/harfbuzz-0.0": "13.2.1-4.0.0-rc.15",
        "@girs/json-1.0": "1.10.8-4.0.0-rc.15",
        "@girs/mtk-13": "13.0.0-4.0.0-rc.15",
        "@girs/pango-1.0": "1.57.1-4.0.0-rc.15",
        "@girs/pangocairo-1.0": "1.0.0-4.0.0-rc.15"
      }
    },
    "node_modules/@girs/clutter-17": {
      "version": "17.0.0-4.0.0-rc.15",
      "resolved": "https://registry.npmjs.org/@girs/clutter-17/-/clutter-17-17.0.0-4.0.0-rc.15.tgz",
      "integrity": "sha512-pwXmM03ZPvOWfeuLikty3R1TTg5qXQjHXHmdkFuNm6NrtiVZnVhegWtOkZGaBAkn8EP33A86XXG3fbWMGpzVpg==",
      "license": "MIT",
      "dependencies": {
        "@girs/atk-1.0": "2.60.0-4.0.0-rc.15",
        "@girs/cairo-1.0": "1.0.0-4.0.0-rc.15",
        "@girs/cogl-17": "17.0.0-4.0.0-rc.15",
        "@girs/freetype2-2.0": "2.0.0-4.0.0-rc.15",
        "@girs/gio-2.0": "2.88.0-4.0.0-rc.15",
        "@girs/gjs": "4.0.0-rc.15",
        "@girs/gl-1.0": "1.0.0-4.0.0-rc.15",
        "@girs/glib-2.0": "2.88.0-4.0.0-rc.15",
        "@girs/gmodule-2.0": "2.0.0-4.0.0-rc.15",
        "@girs/gobject-2.0": "2.88.0-4.0.0-rc.15",
        "@girs/graphene-1.0": "1.0.0-4.0.0-rc.15",
        "@girs/harfbuzz-0.0": "13.2.1-4.0.0-rc.15",
        "@girs/mtk-17": "17.0.0-4.0.0-rc.15",
        "@girs/pango-1.0": "1.57.1-4.0.0-rc.15"
      }
    },
    "node_modules/@girs/clutter-18": {
      "version": "18.0.0-4.0.0-rc.15",
      "resolved": "https://registry.npmjs.org/@girs/clutter-18/-/clutter-18-18.0.0-4.0.0-rc.15.tgz",
      "integrity": "sha512-MDhwayOh4vmsJlRX4DdGXOZRPPot9QgB8UfREmdy3HWqwgEYyw3FnoaW/N6w3eovs6vUi/yPHfv0dr/qoeBpRw==",
      "dev": true,
      "license": "MIT",
      "dependencies": {
        "@girs/atk-1.0": "2.60.0-4.0.0-rc.15",
        "@girs/cairo-1.0": "1.0.0-4.0.0-rc.15",
        "@girs/cogl-18": "18.0.0-4.0.0-rc.15",
        "@girs/freetype2-2.0": "2.0.0-4.0.0-rc.15",
        "@girs/gio-2.0": "2.88.0-4.0.0-rc.15",
        "@girs/gjs": "4.0.0-rc.15",
        "@girs/gl-1.0": "1.0.0-4.0.0-rc.15",
        "@girs/glib-2.0": "2.88.0-4.0.0-rc.15",
        "@girs/gmodule-2.0": "2.0.0-4.0.0-rc.15",
        "@girs/gobject-2.0": "2.88.0-4.0.0-rc.15",
        "@girs/graphene-1.0": "1.0.0-4.0.0-rc.15",
        "@girs/harfbuzz-0.0": "13.2.1-4.0.0-rc.15",
        "@girs/mtk-18": "18.0.0-4.0.0-rc.15",
        "@girs/pango-1.0": "1.57.1-4.0.0-rc.15"
      }
    },
    "node_modules/@girs/cogl-13": {
      "version": "13.0.0-4.0.0-rc.15",
      "resolved": "https://registry.npmjs.org/@girs/cogl-13/-/cogl-13-13.0.0-4.0.0-rc.15.tgz",
      "integrity": "sha512-K94vovPX7kNS2EaS+wjH3ZL9CsBNFYF+J1XCi8ZYR5geX+dmBLtBIXm+esmYcQEgP3pcNZSTTQIvGbqoyrnQUQ==",
      "license": "MIT",
      "dependencies": {
        "@girs/cairo-1.0": "1.0.0-4.0.0-rc.15",
        "@girs/gjs": "4.0.0-rc.15",
        "@girs/gl-1.0": "1.0.0-4.0.0-rc.15",
        "@girs/glib-2.0": "2.88.0-4.0.0-rc.15",
        "@girs/gobject-2.0": "2.88.0-4.0.0-rc.15",
        "@girs/graphene-1.0": "1.0.0-4.0.0-rc.15"
      }
    },
    "node_modules/@girs/cogl-17": {
      "version": "17.0.0-4.0.0-rc.15",
      "resolved": "https://registry.npmjs.org/@girs/cogl-17/-/cogl-17-17.0.0-4.0.0-rc.15.tgz",
      "integrity": "sha512-KL8uSVVqru93ifpZugx10gok6Jbc2LpHzswu0q3SpW3HIbPqqyMJoFVuoUtAaSVn27oFyb1QgJOfbbiegkUmmg==",
      "license": "MIT",
      "dependencies": {
        "@girs/gjs": "4.0.0-rc.15",
        "@girs/gl-1.0": "1.0.0-4.0.0-rc.15",
        "@girs/glib-2.0": "2.88.0-4.0.0-rc.15",
        "@girs/gobject-2.0": "2.88.0-4.0.0-rc.15",
        "@girs/graphene-1.0": "1.0.0-4.0.0-rc.15",
        "@girs/mtk-17": "17.0.0-4.0.0-rc.15"
      }
    },
    "node_modules/@girs/cogl-18": {
      "version": "18.0.0-4.0.0-rc.15",
      "resolved": "https://registry.npmjs.org/@girs/cogl-18/-/cogl-18-18.0.0-4.0.0-rc.15.tgz",
      "integrity": "sha512-+DcGSG7mgPWtkip8DJlEgrdvxzaR8FImIqYnGHsdPI+K5SjA3LaWN7e2/LK3pu+Mfb48bGWigyExlIhQfMRsYg==",
      "dev": true,
      "license": "MIT",
      "dependencies": {
        "@girs/gjs": "4.0.0-rc.15",
        "@girs/gl-1.0": "1.0.0-4.0.0-rc.15",
        "@girs/glib-2.0": "2.88.0-4.0.0-rc.15",
        "@girs/gobject-2.0": "2.88.0-4.0.0-rc.15",
        "@girs/graphene-1.0": "1.0.0-4.0.0-rc.15",
        "@girs/mtk-18": "18.0.0-4.0.0-rc.15"
      }
    },
    "node_modules/@girs/cogl-2.0": {
      "version": "2.0.0-4.0.0-rc.15",
      "resolved": "https://registry.npmjs.org/@girs/cogl-2.0/-/cogl-2.0-2.0.0-4.0.0-rc.15.tgz",
      "integrity": "sha512-JXp1uc5hZeiX5yZ7ZjG4+oIMqmeN+FF4437b+1WjQBIiO15crl6ClAcHUrCgNuFbn7t5Kidn27oRGguRsUVLxA==",
      "dev": true,
      "license": "MIT",
      "dependencies": {
        "@girs/gjs": "4.0.0-rc.15",
        "@girs/gl-1.0": "1.0.0-4.0.0-rc.15",
        "@girs/glib-2.0": "2.88.0-4.0.0-rc.15",
        "@girs/gobject-2.0": "2.88.0-4.0.0-rc.15"
      }
    },
    "node_modules/@girs/coglpango-13": {
      "version": "13.0.0-4.0.0-rc.15",
      "resolved": "https://registry.npmjs.org/@girs/coglpango-13/-/coglpango-13-13.0.0-4.0.0-rc.15.tgz",
      "integrity": "sha512-B3iLSqYTLSohQ5hW+QBROzmCFRhsWYBJK34Z3u5NlBEMSbweGCLyX58PKgQeEMO24ohvh2h8tI6DE2H+WTCfuQ==",
      "license": "MIT",
      "dependencies": {
        "@girs/cairo-1.0": "1.0.0-4.0.0-rc.15",
        "@girs/cogl-13": "13.0.0-4.0.0-rc.15",
        "@girs/freetype2-2.0": "2.0.0-4.0.0-rc.15",
        "@girs/gio-2.0": "2.88.0-4.0.0-rc.15",
        "@girs/gjs": "4.0.0-rc.15",
        "@girs/gl-1.0": "1.0.0-4.0.0-rc.15",
        "@girs/glib-2.0": "2.88.0-4.0.0-rc.15",
        "@girs/gmodule-2.0": "2.0.0-4.0.0-rc.15",
        "@girs/gobject-2.0": "2.88.0-4.0.0-rc.15",
        "@girs/graphene-1.0": "1.0.0-4.0.0-rc.15",
        "@girs/harfbuzz-0.0": "13.2.1-4.0.0-rc.15",
        "@girs/pango-1.0": "1.57.1-4.0.0-rc.15",
        "@girs/pangocairo-1.0": "1.0.0-4.0.0-rc.15"
      }
    },
    "node_modules/@girs/freetype2-2.0": {
      "version": "2.0.0-4.0.0-rc.15",
      "resolved": "https://registry.npmjs.org/@girs/freetype2-2.0/-/freetype2-2.0-2.0.0-4.0.0-rc.15.tgz",
      "integrity": "sha512-9ewd7cwn+2YjjhRW2WUTn38U2D98gEAWM85zBcYti+81yvG/5iRH93o1Ki32bwFWzSI1JWi/+F90YkbV0Hb9QQ==",
      "license": "MIT",
      "dependencies": {
        "@girs/gjs": "4.0.0-rc.15",
        "@girs/gobject-2.0": "2.88.0-4.0.0-rc.15"
      }
    },
    "node_modules/@girs/gck-2": {
      "version": "4.4.0-4.0.0-rc.15",
      "resolved": "https://registry.npmjs.org/@girs/gck-2/-/gck-2-4.4.0-4.0.0-rc.15.tgz",
      "integrity": "sha512-eBJVs4qAan3fO1Nmw/SGxTc7jGcdo17hHl4ypBt/fYB/Dafx5N4nMVtETz67Q3Nhm5oWPuZUtX5DOY1DFuPGfw==",
      "dev": true,
      "license": "MIT",
      "dependencies": {
        "@girs/gio-2.0": "2.88.0-4.0.0-rc.15",
        "@girs/gjs": "4.0.0-rc.15",
        "@girs/glib-2.0": "2.88.0-4.0.0-rc.15",
        "@girs/gmodule-2.0": "2.0.0-4.0.0-rc.15",
        "@girs/gobject-2.0": "2.88.0-4.0.0-rc.15"
      }
    },
    "node_modules/@girs/gcr-4": {
      "version": "4.4.0-4.0.0-rc.15",
      "resolved": "https://registry.npmjs.org/@girs/gcr-4/-/gcr-4-4.4.0-4.0.0-rc.15.tgz",
      "integrity": "sha512-5ShE5NQIF55gvkR3nY/hR0wtYqdtPVPvYg/A7hi0C1YK+/dRe/2mUFKWJAXXUmXvHmn+byIGIg5Zhej5UEMosA==",
      "dev": true,
      "license": "MIT",
      "dependencies": {
        "@girs/gck-2": "4.4.0-4.0.0-rc.15",
        "@girs/gio-2.0": "2.88.0-4.0.0-rc.15",
        "@girs/gjs": "4.0.0-rc.15",
        "@girs/glib-2.0": "2.88.0-4.0.0-rc.15",
        "@girs/gmodule-2.0": "2.0.0-4.0.0-rc.15",
        "@girs/gobject-2.0": "2.88.0-4.0.0-rc.15"
      }
    },
    "node_modules/@girs/gdesktopenums-3.0": {
      "version": "3.0.0-4.0.0-rc.15",
      "resolved": "https://registry.npmjs.org/@girs/gdesktopenums-3.0/-/gdesktopenums-3.0-3.0.0-4.0.0-rc.15.tgz",
      "integrity": "sha512-0wYAOxYqR4qT+TdGxNi0/zuIhYRxJiUH7ZEw1PktYAHhYOjwmcyzJag2oiIhVszNDuBbFMyGjulD62qu0ib3OA==",
      "license": "MIT",
      "dependencies": {
        "@girs/gjs": "4.0.0-rc.15",
        "@girs/gobject-2.0": "2.88.0-4.0.0-rc.15"
      }
    },
    "node_modules/@girs/gdk-4.0": {
      "version": "4.0.0-4.0.0-rc.15",
      "resolved": "https://registry.npmjs.org/@girs/gdk-4.0/-/gdk-4.0-4.0.0-4.0.0-rc.15.tgz",
      "integrity": "sha512-NFWG8T3WCNT6JV/p1g8VVBUdQQdW7SfQJk0De1PATLo+gpbay0M5eHCb1+oQoPPOozyFviAXtFm0o0XjIki2xA==",
      "dev": true,
      "license": "MIT",
      "dependencies": {
        "@girs/cairo-1.0": "1.0.0-4.0.0-rc.15",
        "@girs/freetype2-2.0": "2.0.0-4.0.0-rc.15",
        "@girs/gdkpixbuf-2.0": "2.0.0-4.0.0-rc.15",
        "@girs/gio-2.0": "2.88.0-4.0.0-rc.15",
        "@girs/gjs": "4.0.0-rc.15",
        "@girs/glib-2.0": "2.88.0-4.0.0-rc.15",
        "@girs/gmodule-2.0": "2.0.0-4.0.0-rc.15",
        "@girs/gobject-2.0": "2.88.0-4.0.0-rc.15",
        "@girs/harfbuzz-0.0": "13.2.1-4.0.0-rc.15",
        "@girs/pango-1.0": "1.57.1-4.0.0-rc.15",
        "@girs/pangocairo-1.0": "1.0.0-4.0.0-rc.15"
      }
    },
    "node_modules/@girs/gdkpixbuf-2.0": {
      "version": "2.0.0-4.0.0-rc.15",
      "resolved": "https://registry.npmjs.org/@girs/gdkpixbuf-2.0/-/gdkpixbuf-2.0-2.0.0-4.0.0-rc.15.tgz",
      "integrity": "sha512-sC9ANhTdVngxlXGfItkiTeBkhfW+DwyfGo2b7rV8H4r0MQ3//2+L3tu6O3QFqbvGXSSk7K56a0D3fSc1et/aHQ==",
      "license": "MIT",
      "dependencies": {
        "@girs/gio-2.0": "2.88.0-4.0.0-rc.15",
        "@girs/gjs": "4.0.0-rc.15",
        "@girs/glib-2.0": "2.88.0-4.0.0-rc.15",
        "@girs/gmodule-2.0": "2.0.0-4.0.0-rc.15",
        "@girs/gobject-2.0": "2.88.0-4.0.0-rc.15"
      }
    },
    "node_modules/@girs/gdm-1.0": {
      "version": "1.0.0-4.0.0-rc.15",
      "resolved": "https://registry.npmjs.org/@girs/gdm-1.0/-/gdm-1.0-1.0.0-4.0.0-rc.15.tgz",
      "integrity": "sha512-36ZM6DkLSwTXA0TtHTx6JXpJ4AOeKzt00UduKlCJB13nJs6+rwMdqJ9tvyF0GB+JAJl5rVK06rfkzKu5PUbVTw==",
      "dev": true,
      "license": "MIT",
      "dependencies": {
        "@girs/gio-2.0": "2.88.0-4.0.0-rc.15",
        "@girs/gjs": "4.0.0-rc.15",
        "@girs/glib-2.0": "2.88.0-4.0.0-rc.15",
        "@girs/gmodule-2.0": "2.0.0-4.0.0-rc.15",
        "@girs/gobject-2.0": "2.88.0-4.0.0-rc.15"
      }
    },
    "node_modules/@girs/gio-2.0": {
      "version": "2.88.0-4.0.0-rc.15",
      "resolved": "https://registry.npmjs.org/@girs/gio-2.0/-/gio-2.0-2.88.0-4.0.0-rc.15.tgz",
      "integrity": "sha512-ccnwhll0WgK6u4cCN7lwD8frRWnygRHdXi6mAZXpZaYi8vcPxWz59kQLVE8Zr2wwGhWaHygeuQd4FyY9FOil4A==",
      "license": "MIT",
      "dependencies": {
        "@girs/gjs": "4.0.0-rc.15",
        "@girs/glib-2.0": "2.88.0-4.0.0-rc.15",
        "@girs/gmodule-2.0": "2.0.0-4.0.0-rc.15",
        "@girs/gobject-2.0": "2.88.0-4.0.0-rc.15"
      }
    },
    "node_modules/@girs/giounix-2.0": {
      "version": "2.0.0-4.0.0-rc.15",
      "resolved": "https://registry.npmjs.org/@girs/giounix-2.0/-/giounix-2.0-2.0.0-4.0.0-rc.15.tgz",
      "integrity": "sha512-dVNSeHOYegXEoj1vhS6lGX61JIa79l1spmmxwCNek25U3hmDI8IfoSE7+Xf8Pbl6nsXrWAu+cnsv9cKOh+csIQ==",
      "dev": true,
      "license": "MIT",
      "dependencies": {
        "@girs/gio-2.0": "2.88.0-4.0.0-rc.15",
        "@girs/gjs": "4.0.0-rc.15",
        "@girs/glib-2.0": "2.88.0-4.0.0-rc.15",
        "@girs/gmodule-2.0": "2.0.0-4.0.0-rc.15",
        "@girs/gobject-2.0": "2.88.0-4.0.0-rc.15"
      }
    },
    "node_modules/@girs/gjs": {
      "version": "4.0.0-rc.15",
      "resolved": "https://registry.npmjs.org/@girs/gjs/-/gjs-4.0.0-rc.15.tgz",
      "integrity": "sha512-rATaKfEcIFnwgTBcAzu/khOmkHG2sAOxKFq7L8hN3/j7RrF3ehlMYczKXSM3SPN3tYj8XANJF8OBZ/eKkh8Olg==",
      "license": "MIT",
      "dependencies": {
        "@girs/cairo-1.0": "1.0.0-4.0.0-rc.15",
        "@girs/gio-2.0": "2.88.0-4.0.0-rc.15",
        "@girs/glib-2.0": "2.88.0-4.0.0-rc.15",
        "@girs/gobject-2.0": "2.88.0-4.0.0-rc.15"
      }
    },
    "node_modules/@girs/gl-1.0": {
      "version": "1.0.0-4.0.0-rc.15",
      "resolved": "https://registry.npmjs.org/@girs/gl-1.0/-/gl-1.0-1.0.0-4.0.0-rc.15.tgz",
      "integrity": "sha512-u1m0hVaZhJyVJmMu40cX+n2vEwimBD7iSEb7r4wQsixlGdD3nqFdt3y8UmlAKmc4a8pfs+Cf6zdjFQ+gr2Rjcg==",
      "license": "MIT",
      "dependencies": {
        "@girs/gjs": "4.0.0-rc.15",
        "@girs/gobject-2.0": "2.88.0-4.0.0-rc.15"
      }
    },
    "node_modules/@girs/glib-2.0": {
      "version": "2.88.0-4.0.0-rc.15",
      "resolved": "https://registry.npmjs.org/@girs/glib-2.0/-/glib-2.0-2.88.0-4.0.0-rc.15.tgz",
      "integrity": "sha512-7XTGnWFPXSYMdMJVFgMsbNvXpQM48ZTPU3zMOKBGlWabjW2mX73xoGK7/D8ISpddqteC5QU5adohZXhuWI5qcA==",
      "license": "MIT",
      "dependencies": {
        "@girs/gjs": "4.0.0-rc.15",
        "@girs/gobject-2.0": "2.88.0-4.0.0-rc.15"
      }
    },
    "node_modules/@girs/gmodule-2.0": {
      "version": "2.0.0-4.0.0-rc.15",
      "resolved": "https://registry.npmjs.org/@girs/gmodule-2.0/-/gmodule-2.0-2.0.0-4.0.0-rc.15.tgz",
      "integrity": "sha512-QCiFhcK04FbS83zuOcNpyD06D9VL5VMzWgLwbD3guipT3YTrpyiiioBDvMEnsPRBXE1fQTulfnLzaBQz480Hag==",
      "license": "MIT",
      "dependencies": {
        "@girs/gjs": "4.0.0-rc.15",
        "@girs/glib-2.0": "2.88.0-4.0.0-rc.15",
        "@girs/gobject-2.0": "2.88.0-4.0.0-rc.15"
      }
    },
    "node_modules/@girs/gnome-shell": {
      "version": "50.0.0",
      "resolved": "https://registry.npmjs.org/@girs/gnome-shell/-/gnome-shell-50.0.0.tgz",
      "integrity": "sha512-ki3VBO/WUvinGRB8lSPa6Rn0qJwEs3cQOvZa/P8MzM/68mujLPy453qVT6fwyMPqHVusAv3JZuj9HnUewx1GeQ==",
      "dev": true,
      "license": "MIT",
      "dependencies": {
        "@girs/accountsservice-1.0": "^1.0.0-4.0.0-rc.9",
        "@girs/adw-1": "^1.10.0-4.0.0-rc.9",
        "@girs/atk-1.0": "^2.60.0-4.0.0-rc.9",
        "@girs/clutter-18": "^18.0.0-4.0.0-rc.9",
        "@girs/cogl-2.0": "^2.0.0-4.0.0-rc.9",
        "@girs/gcr-4": "^4.4.0-4.0.0-rc.9",
        "@girs/gdm-1.0": "^1.0.0-4.0.0-rc.9",
        "@girs/gio-2.0": "^2.88.0-4.0.0-rc.9",
        "@girs/giounix-2.0": "^2.0.0-4.0.0-rc.9",
        "@girs/gjs": "^4.0.0-rc.9",
        "@girs/glib-2.0": "^2.88.0-4.0.0-rc.9",
        "@girs/gnomebg-4.0": "^4.0.0-4.0.0-rc.9",
        "@girs/gnomebluetooth-3.0": "^3.0.0-4.0.0-rc.9",
        "@girs/gnomedesktop-4.0": "^4.0.0-4.0.0-rc.9",
        "@girs/gobject-2.0": "^2.88.0-4.0.0-rc.9",
        "@girs/gtk-4.0": "^4.23.0-4.0.0-rc.9",
        "@girs/gvc-1.0": "^1.0.0-4.0.0-rc.9",
        "@girs/meta-18": "^18.0.0-4.0.0-rc.9",
        "@girs/mtk-18": "^18.0.0-4.0.0-rc.9",
        "@girs/polkit-1.0": "^1.0.0-4.0.0-rc.9",
        "@girs/shell-18": "^18.0.0-4.0.0-rc.9",
        "@girs/shew-0": "^0.0.0-4.0.0-rc.9",
        "@girs/st-18": "^18.0.0-4.0.0-rc.9",
        "@girs/upowerglib-1.0": "^1.91.1-4.0.0-rc.9"
      }
    },
    "node_modules/@girs/gnomebg-4.0": {
      "version": "4.0.0-4.0.0-rc.15",
      "resolved": "https://registry.npmjs.org/@girs/gnomebg-4.0/-/gnomebg-4.0-4.0.0-4.0.0-rc.15.tgz",
      "integrity": "sha512-x413zsLpSGM8K1T+Iaq1CgboTOIPTwQKAINKyOUVR6NRmEPV/vEoTN155ijY3xJ8tfDrlReuQsPLTjpEQEX6Aw==",
      "dev": true,
      "license": "MIT",
      "dependencies": {
        "@girs/cairo-1.0": "1.0.0-4.0.0-rc.15",
        "@girs/freetype2-2.0": "2.0.0-4.0.0-rc.15",
        "@girs/gdesktopenums-3.0": "3.0.0-4.0.0-rc.15",
        "@girs/gdk-4.0": "4.0.0-4.0.0-rc.15",
        "@girs/gdkpixbuf-2.0": "2.0.0-4.0.0-rc.15",
        "@girs/gio-2.0": "2.88.0-4.0.0-rc.15",
        "@girs/gjs": "4.0.0-rc.15",
        "@girs/glib-2.0": "2.88.0-4.0.0-rc.15",
        "@girs/gmodule-2.0": "2.0.0-4.0.0-rc.15",
        "@girs/gnomedesktop-4.0": "4.0.0-4.0.0-rc.15",
        "@girs/gobject-2.0": "2.88.0-4.0.0-rc.15",
        "@girs/harfbuzz-0.0": "13.2.1-4.0.0-rc.15",
        "@girs/pango-1.0": "1.57.1-4.0.0-rc.15",
        "@girs/pangocairo-1.0": "1.0.0-4.0.0-rc.15"
      }
    },
    "node_modules/@girs/gnomebluetooth-3.0": {
      "version": "3.0.0-4.0.0-rc.15",
      "resolved": "https://registry.npmjs.org/@girs/gnomebluetooth-3.0/-/gnomebluetooth-3.0-3.0.0-4.0.0-rc.15.tgz",
      "integrity": "sha512-8zxl6hYftUlb3VthPtke8wfsoOI2xH4URs4niK9ooVVY5CCZfYBZ4h6nPG9iL1TwScyDYvaORl6AmBwJ4scs9Q==",
      "dev": true,
      "license": "MIT",
      "dependencies": {
        "@girs/gio-2.0": "2.88.0-4.0.0-rc.15",
        "@girs/gjs": "4.0.0-rc.15",
        "@girs/glib-2.0": "2.88.0-4.0.0-rc.15",
        "@girs/gmodule-2.0": "2.0.0-4.0.0-rc.15",
        "@girs/gobject-2.0": "2.88.0-4.0.0-rc.15"
      }
    },
    "node_modules/@girs/gnomedesktop-4.0": {
      "version": "4.0.0-4.0.0-rc.15",
      "resolved": "https://registry.npmjs.org/@girs/gnomedesktop-4.0/-/gnomedesktop-4.0-4.0.0-4.0.0-rc.15.tgz",
      "integrity": "sha512-WmN0GY/2Pt6c0oncRB2wkyYawVLJmYioAneex1RhrMWE9Bt4xF3icdPG8LyML/y6RjJBY9kAiSRQXpAlp6OFCA==",
      "dev": true,
      "license": "MIT",
      "dependencies": {
        "@girs/gdesktopenums-3.0": "3.0.0-4.0.0-rc.15",
        "@girs/gdkpixbuf-2.0": "2.0.0-4.0.0-rc.15",
        "@girs/gio-2.0": "2.88.0-4.0.0-rc.15",
        "@girs/gjs": "4.0.0-rc.15",
        "@girs/glib-2.0": "2.88.0-4.0.0-rc.15",
        "@girs/gmodule-2.0": "2.0.0-4.0.0-rc.15",
        "@girs/gobject-2.0": "2.88.0-4.0.0-rc.15"
      }
    },
    "node_modules/@girs/gobject-2.0": {
      "version": "2.88.0-4.0.0-rc.15",
      "resolved": "https://registry.npmjs.org/@girs/gobject-2.0/-/gobject-2.0-2.88.0-4.0.0-rc.15.tgz",
      "integrity": "sha512-VxseRg9u+YRanhCSpgHTm3NFlSDbD1CbG8Ah5VRZmgqIhGGj6SAgcGglqnahav5e8/NJmUrDN801ClFo69E5Kg==",
      "license": "MIT",
      "dependencies": {
        "@girs/gjs": "4.0.0-rc.15",
        "@girs/glib-2.0": "2.88.0-4.0.0-rc.15"
      }
    },
    "node_modules/@girs/graphene-1.0": {
      "version": "1.0.0-4.0.0-rc.15",
      "resolved": "https://registry.npmjs.org/@girs/graphene-1.0/-/graphene-1.0-1.0.0-4.0.0-rc.15.tgz",
      "integrity": "sha512-Nqdy0NnKRdn61HDqht5JWGbVTS/Oc2VVDrzvnLFHF9AagtULQ9dhvDl7DoOhP/PngsoZFwX2y4OteEOs45ZWCw==",
      "license": "MIT",
      "dependencies": {
        "@girs/gjs": "4.0.0-rc.15",
        "@girs/glib-2.0": "2.88.0-4.0.0-rc.15",
        "@girs/gobject-2.0": "2.88.0-4.0.0-rc.15"
      }
    },
    "node_modules/@girs/gsk-4.0": {
      "version": "4.0.0-4.0.0-rc.15",
      "resolved": "https://registry.npmjs.org/@girs/gsk-4.0/-/gsk-4.0-4.0.0-4.0.0-rc.15.tgz",
      "integrity": "sha512-uqw+KCXNSw4RelqywbLI0l5fC1Ff72PqpTVCuS3S7rDXbL2LkClvI5N3DvBHfj29MGORzTYPo8I0VE7+poJ9oQ==",
      "dev": true,
      "license": "MIT",
      "dependencies": {
        "@girs/cairo-1.0": "1.0.0-4.0.0-rc.15",
        "@girs/freetype2-2.0": "2.0.0-4.0.0-rc.15",
        "@girs/gdk-4.0": "4.0.0-4.0.0-rc.15",
        "@girs/gdkpixbuf-2.0": "2.0.0-4.0.0-rc.15",
        "@girs/gio-2.0": "2.88.0-4.0.0-rc.15",
        "@girs/gjs": "4.0.0-rc.15",
        "@girs/glib-2.0": "2.88.0-4.0.0-rc.15",
        "@girs/gmodule-2.0": "2.0.0-4.0.0-rc.15",
        "@girs/gobject-2.0": "2.88.0-4.0.0-rc.15",
        "@girs/graphene-1.0": "1.0.0-4.0.0-rc.15",
        "@girs/harfbuzz-0.0": "13.2.1-4.0.0-rc.15",
        "@girs/pango-1.0": "1.57.1-4.0.0-rc.15",
        "@girs/pangocairo-1.0": "1.0.0-4.0.0-rc.15"
      }
    },
    "node_modules/@girs/gtk-4.0": {
      "version": "4.23.0-4.0.0-rc.15",
      "resolved": "https://registry.npmjs.org/@girs/gtk-4.0/-/gtk-4.0-4.23.0-4.0.0-rc.15.tgz",
      "integrity": "sha512-extSsa7YIzglPPUjNYoPyQyJIMflZbA/ORVtecPUXYRLB4mTwy8+CGvnXjD7FsQLnbGP/f1SrpuO14OQvqJ90Q==",
      "dev": true,
      "license": "MIT",
      "dependencies": {
        "@girs/cairo-1.0": "1.0.0-4.0.0-rc.15",
        "@girs/freetype2-2.0": "2.0.0-4.0.0-rc.15",
        "@girs/gdk-4.0": "4.0.0-4.0.0-rc.15",
        "@girs/gdkpixbuf-2.0": "2.0.0-4.0.0-rc.15",
        "@girs/gio-2.0": "2.88.0-4.0.0-rc.15",
        "@girs/gjs": "4.0.0-rc.15",
        "@girs/glib-2.0": "2.88.0-4.0.0-rc.15",
        "@girs/gmodule-2.0": "2.0.0-4.0.0-rc.15",
        "@girs/gobject-2.0": "2.88.0-4.0.0-rc.15",
        "@girs/graphene-1.0": "1.0.0-4.0.0-rc.15",
        "@girs/gsk-4.0": "4.0.0-4.0.0-rc.15",
        "@girs/harfbuzz-0.0": "13.2.1-4.0.0-rc.15",
        "@girs/pango-1.0": "1.57.1-4.0.0-rc.15",
        "@girs/pangocairo-1.0": "1.0.0-4.0.0-rc.15"
      }
    },
    "node_modules/@girs/gvc-1.0": {
      "version": "1.0.0-4.0.0-rc.15",
      "resolved": "https://registry.npmjs.org/@girs/gvc-1.0/-/gvc-1.0-1.0.0-4.0.0-rc.15.tgz",
      "integrity": "sha512-kmZ0avryZwB2MQbJVVKUGagx4vhtSML79UKCt2xvI4qqSsnEpK0j7RUH2dMcPI0a6tcGJFSyPq3UL0IiSWQPmA==",
      "dev": true,
      "license": "MIT",
      "dependencies": {
        "@girs/gio-2.0": "2.88.0-4.0.0-rc.15",
        "@girs/gjs": "4.0.0-rc.15",
        "@girs/glib-2.0": "2.88.0-4.0.0-rc.15",
        "@girs/gmodule-2.0": "2.0.0-4.0.0-rc.15",
        "@girs/gobject-2.0": "2.88.0-4.0.0-rc.15"
      }
    },
    "node_modules/@girs/harfbuzz-0.0": {
      "version": "13.2.1-4.0.0-rc.15",
      "resolved": "https://registry.npmjs.org/@girs/harfbuzz-0.0/-/harfbuzz-0.0-13.2.1-4.0.0-rc.15.tgz",
      "integrity": "sha512-giX1l3cOc0bvdvbdoHAAVskF/xfSYySh5WajX4+Yq7mMYAeWhXzsiY15s6FNjoRiB8BIIWg4lT6uGPqlMREhhw==",
      "license": "MIT",
      "dependencies": {
        "@girs/freetype2-2.0": "2.0.0-4.0.0-rc.15",
        "@girs/gjs": "4.0.0-rc.15",
        "@girs/glib-2.0": "2.88.0-4.0.0-rc.15",
        "@girs/gobject-2.0": "2.88.0-4.0.0-rc.15"
      }
    },
    "node_modules/@girs/json-1.0": {
      "version": "1.10.8-4.0.0-rc.15",
      "resolved": "https://registry.npmjs.org/@girs/json-1.0/-/json-1.0-1.10.8-4.0.0-rc.15.tgz",
      "integrity": "sha512-M9FBlqNe6nKrD6FHPBXvLKROu8ZQ5yXtfwi5zZyf/QccdUDSa9L3PZCZ6LHMVOpCiI3Glft96De5nGrl5SPs1Q==",
      "license": "MIT",
      "dependencies": {
        "@girs/gio-2.0": "2.88.0-4.0.0-rc.15",
        "@girs/gjs": "4.0.0-rc.15",
        "@girs/glib-2.0": "2.88.0-4.0.0-rc.15",
        "@girs/gmodule-2.0": "2.0.0-4.0.0-rc.15",
        "@girs/gobject-2.0": "2.88.0-4.0.0-rc.15"
      }
    },
    "node_modules/@girs/meta-13": {
      "version": "13.0.0-4.0.0-rc.15",
      "resolved": "https://registry.npmjs.org/@girs/meta-13/-/meta-13-13.0.0-4.0.0-rc.15.tgz",
      "integrity": "sha512-o903ACSs3adOTJVLBPmwlu+A/kgbWaMA6L6/l6WL48z7lU3IuoQfw0mtnIJPRumwslDSt1RaNi5TWTte6I0NPA==",
      "license": "MIT",
      "dependencies": {
        "@girs/atk-1.0": "2.60.0-4.0.0-rc.15",
        "@girs/cairo-1.0": "1.0.0-4.0.0-rc.15",
        "@girs/clutter-13": "13.0.0-4.0.0-rc.15",
        "@girs/cogl-13": "13.0.0-4.0.0-rc.15",
        "@girs/coglpango-13": "13.0.0-4.0.0-rc.15",
        "@girs/freetype2-2.0": "2.0.0-4.0.0-rc.15",
        "@girs/gdesktopenums-3.0": "3.0.0-4.0.0-rc.15",
        "@girs/gio-2.0": "2.88.0-4.0.0-rc.15",
        "@girs/gjs": "4.0.0-rc.15",
        "@girs/gl-1.0": "1.0.0-4.0.0-rc.15",
        "@girs/glib-2.0": "2.88.0-4.0.0-rc.15",
        "@girs/gmodule-2.0": "2.0.0-4.0.0-rc.15",
        "@girs/gobject-2.0": "2.88.0-4.0.0-rc.15",
        "@girs/graphene-1.0": "1.0.0-4.0.0-rc.15",
        "@girs/harfbuzz-0.0": "13.2.1-4.0.0-rc.15",
        "@girs/json-1.0": "1.10.8-4.0.0-rc.15",
        "@girs/mtk-13": "13.0.0-4.0.0-rc.15",
        "@girs/pango-1.0": "1.57.1-4.0.0-rc.15",
        "@girs/pangocairo-1.0": "1.0.0-4.0.0-rc.15",
        "@girs/xfixes-4.0": "4.0.0-4.0.0-rc.15",
        "@girs/xlib-2.0": "2.0.0-4.0.0-rc.15"
      }
    },
    "node_modules/@girs/meta-17": {
      "version": "17.0.0-4.0.0-rc.15",
      "resolved": "https://registry.npmjs.org/@girs/meta-17/-/meta-17-17.0.0-4.0.0-rc.15.tgz",
      "integrity": "sha512-X6vwrR2d2TIcHjp7zbnC0tF22vhGEVY6XEyrVosnJzI1k2wTD+D9agEYq3UClKDVKIk+mvE7umJY966NQvWhgA==",
      "license": "MIT",
      "dependencies": {
        "@girs/atk-1.0": "2.60.0-4.0.0-rc.15",
        "@girs/cairo-1.0": "1.0.0-4.0.0-rc.15",
        "@girs/clutter-17": "17.0.0-4.0.0-rc.15",
        "@girs/cogl-17": "17.0.0-4.0.0-rc.15",
        "@girs/freetype2-2.0": "2.0.0-4.0.0-rc.15",
        "@girs/gdesktopenums-3.0": "3.0.0-4.0.0-rc.15",
        "@girs/gio-2.0": "2.88.0-4.0.0-rc.15",
        "@girs/gjs": "4.0.0-rc.15",
        "@girs/gl-1.0": "1.0.0-4.0.0-rc.15",
        "@girs/glib-2.0": "2.88.0-4.0.0-rc.15",
        "@girs/gmodule-2.0": "2.0.0-4.0.0-rc.15",
        "@girs/gobject-2.0": "2.88.0-4.0.0-rc.15",
        "@girs/graphene-1.0": "1.0.0-4.0.0-rc.15",
        "@girs/harfbuzz-0.0": "13.2.1-4.0.0-rc.15",
        "@girs/mtk-17": "17.0.0-4.0.0-rc.15",
        "@girs/pango-1.0": "1.57.1-4.0.0-rc.15",
        "@girs/xfixes-4.0": "4.0.0-4.0.0-rc.15",
        "@girs/xlib-2.0": "2.0.0-4.0.0-rc.15"
      }
    },
    "node_modules/@girs/meta-18": {
      "version": "18.0.0-4.0.0-rc.15",
      "resolved": "https://registry.npmjs.org/@girs/meta-18/-/meta-18-18.0.0-4.0.0-rc.15.tgz",
      "integrity": "sha512-vC7x5tEhPzl2r+L0OurnTdWLx8JIEGZyfBFGp+idmSvgy3/mTBPvr9NLY3bX0QKXFUNRO6Jy/qMJDGnC5+xSzQ==",
      "dev": true,
      "license": "MIT",
      "dependencies": {
        "@girs/atk-1.0": "2.60.0-4.0.0-rc.15",
        "@girs/cairo-1.0": "1.0.0-4.0.0-rc.15",
        "@girs/clutter-18": "18.0.0-4.0.0-rc.15",
        "@girs/cogl-18": "18.0.0-4.0.0-rc.15",
        "@girs/freetype2-2.0": "2.0.0-4.0.0-rc.15",
        "@girs/gdesktopenums-3.0": "3.0.0-4.0.0-rc.15",
        "@girs/gio-2.0": "2.88.0-4.0.0-rc.15",
        "@girs/gjs": "4.0.0-rc.15",
        "@girs/gl-1.0": "1.0.0-4.0.0-rc.15",
        "@girs/glib-2.0": "2.88.0-4.0.0-rc.15",
        "@girs/gmodule-2.0": "2.0.0-4.0.0-rc.15",
        "@girs/gobject-2.0": "2.88.0-4.0.0-rc.15",
        "@girs/graphene-1.0": "1.0.0-4.0.0-rc.15",
        "@girs/harfbuzz-0.0": "13.2.1-4.0.0-rc.15",
        "@girs/mtk-18": "18.0.0-4.0.0-rc.15",
        "@girs/pango-1.0": "1.57.1-4.0.0-rc.15",
        "@girs/xfixes-4.0": "4.0.0-4.0.0-rc.15",
        "@girs/xlib-2.0": "2.0.0-4.0.0-rc.15"
      }
    },
    "node_modules/@girs/mtk-13": {
      "version": "13.0.0-4.0.0-rc.15",
      "resolved": "https://registry.npmjs.org/@girs/mtk-13/-/mtk-13-13.0.0-4.0.0-rc.15.tgz",
      "integrity": "sha512-224afo49yUcHXuW8hqrLklgUGJJuKBNTh1jIiq+otUha9+D20c+hsWnjpYlikqkpW5YnmJVSFosO5vGxLIPKFg==",
      "license": "MIT",
      "dependencies": {
        "@girs/cairo-1.0": "1.0.0-4.0.0-rc.15",
        "@girs/gjs": "4.0.0-rc.15",
        "@girs/glib-2.0": "2.88.0-4.0.0-rc.15",
        "@girs/gobject-2.0": "2.88.0-4.0.0-rc.15",
        "@girs/graphene-1.0": "1.0.0-4.0.0-rc.15"
      }
    },
    "node_modules/@girs/mtk-17": {
      "version": "17.0.0-4.0.0-rc.15",
      "resolved": "https://registry.npmjs.org/@girs/mtk-17/-/mtk-17-17.0.0-4.0.0-rc.15.tgz",
      "integrity": "sha512-4l3EpMiXgHpHAZnpjLHPtydc3G5qVZUgsOfyGoQWhV/wd7F37BN0num1b53BdipsbqkUGbsyPxqxCAaxgK4kJg==",
      "license": "MIT",
      "dependencies": {
        "@girs/gjs": "4.0.0-rc.15",
        "@girs/glib-2.0": "2.88.0-4.0.0-rc.15",
        "@girs/gobject-2.0": "2.88.0-4.0.0-rc.15",
        "@girs/graphene-1.0": "1.0.0-4.0.0-rc.15"
      }
    },
    "node_modules/@girs/mtk-18": {
      "version": "18.0.0-4.0.0-rc.15",
      "resolved": "https://registry.npmjs.org/@girs/mtk-18/-/mtk-18-18.0.0-4.0.0-rc.15.tgz",
      "integrity": "sha512-rhUrZWizAzAKJPkq4wMdXUpUQBmmJxRsdd1ZXP90VQIs2CEqBH81EHDSFmsXp1GpZXdWSJ/cKzdnsZKHT+CfJw==",
      "dev": true,
      "license": "MIT",
      "dependencies": {
        "@girs/gjs": "4.0.0-rc.15",
        "@girs/glib-2.0": "2.88.0-4.0.0-rc.15",
        "@girs/gobject-2.0": "2.88.0-4.0.0-rc.15",
        "@girs/graphene-1.0": "1.0.0-4.0.0-rc.15"
      }
    },
    "node_modules/@girs/nm-1.0": {
      "version": "1.56.0-4.0.0-rc.15",
      "resolved": "https://registry.npmjs.org/@girs/nm-1.0/-/nm-1.0-1.56.0-4.0.0-rc.15.tgz",
      "integrity": "sha512-4AKshtP42nUzqNwhyLsoV1q+Sox+wyJvV9fiN8LH4vNigQiz1iVYUBYOSw4mZ/QAo+/RHgOGt4HixMVyw10ZTg==",
      "dev": true,
      "license": "MIT",
      "dependencies": {
        "@girs/gio-2.0": "2.88.0-4.0.0-rc.15",
        "@girs/gjs": "4.0.0-rc.15",
        "@girs/glib-2.0": "2.88.0-4.0.0-rc.15",
        "@girs/gmodule-2.0": "2.0.0-4.0.0-rc.15",
        "@girs/gobject-2.0": "2.88.0-4.0.0-rc.15"
      }
    },
    "node_modules/@girs/pango-1.0": {
      "version": "1.57.1-4.0.0-rc.15",
      "resolved": "https://registry.npmjs.org/@girs/pango-1.0/-/pango-1.0-1.57.1-4.0.0-rc.15.tgz",
      "integrity": "sha512-8a42I+2JQV20enK2zgJq++9AqAgPoXagikhEYH2hnLenG2kdYCImTsBQ2FxVdGmLS89+Qohg92tMR64VtJIo8Q==",
      "license": "MIT",
      "dependencies": {
        "@girs/cairo-1.0": "1.0.0-4.0.0-rc.15",
        "@girs/freetype2-2.0": "2.0.0-4.0.0-rc.15",
        "@girs/gio-2.0": "2.88.0-4.0.0-rc.15",
        "@girs/gjs": "4.0.0-rc.15",
        "@girs/glib-2.0": "2.88.0-4.0.0-rc.15",
        "@girs/gmodule-2.0": "2.0.0-4.0.0-rc.15",
        "@girs/gobject-2.0": "2.88.0-4.0.0-rc.15",
        "@girs/harfbuzz-0.0": "13.2.1-4.0.0-rc.15"
      }
    },
    "node_modules/@girs/pangocairo-1.0": {
      "version": "1.0.0-4.0.0-rc.15",
      "resolved": "https://registry.npmjs.org/@girs/pangocairo-1.0/-/pangocairo-1.0-1.0.0-4.0.0-rc.15.tgz",
      "integrity": "sha512-tDRLVAV3ZJBzGOER7csNezXkeoYPVlaALKZ+7UiaVQ+VMYIDl2gtpOg7FVHl5dVmWgwPlpdM/RvSbiIXgEmb4Q==",
      "license": "MIT",
      "dependencies": {
        "@girs/cairo-1.0": "1.0.0-4.0.0-rc.15",
        "@girs/freetype2-2.0": "2.0.0-4.0.0-rc.15",
        "@girs/gio-2.0": "2.88.0-4.0.0-rc.15",
        "@girs/gjs": "4.0.0-rc.15",
        "@girs/glib-2.0": "2.88.0-4.0.0-rc.15",
        "@girs/gmodule-2.0": "2.0.0-4.0.0-rc.15",
        "@girs/gobject-2.0": "2.88.0-4.0.0-rc.15",
        "@girs/harfbuzz-0.0": "13.2.1-4.0.0-rc.15",
        "@girs/pango-1.0": "1.57.1-4.0.0-rc.15"
      }
    },
    "node_modules/@girs/polkit-1.0": {
      "version": "1.0.0-4.0.0-rc.15",
      "resolved": "https://registry.npmjs.org/@girs/polkit-1.0/-/polkit-1.0-1.0.0-4.0.0-rc.15.tgz",
      "integrity": "sha512-1oC5DTa7IrQAAX+VUUDJbop140DyhHdz6DBfLNcCpbbaEsj4TqqZb4vs84rh/v33zIQ8BOb8R44t2hvd7w+lnQ==",
      "dev": true,
      "license": "MIT",
      "dependencies": {
        "@girs/gio-2.0": "2.88.0-4.0.0-rc.15",
        "@girs/gjs": "4.0.0-rc.15",
        "@girs/glib-2.0": "2.88.0-4.0.0-rc.15",
        "@girs/gmodule-2.0": "2.0.0-4.0.0-rc.15",
        "@girs/gobject-2.0": "2.88.0-4.0.0-rc.15"
      }
    },
    "node_modules/@girs/polkitagent-1.0": {
      "version": "1.0.0-4.0.0-rc.15",
      "resolved": "https://registry.npmjs.org/@girs/polkitagent-1.0/-/polkitagent-1.0-1.0.0-4.0.0-rc.15.tgz",
      "integrity": "sha512-9SPEzDDdU8HdWhsa1kfLtFDrwKBTX6cV+fSUm9nMYL5S0QK4e6gEffYkupYMyIdAEUEgt2+7pRvwZ7DMdwRxLw==",
      "dev": true,
      "license": "MIT",
      "dependencies": {
        "@girs/gio-2.0": "2.88.0-4.0.0-rc.15",
        "@girs/gjs": "4.0.0-rc.15",
        "@girs/glib-2.0": "2.88.0-4.0.0-rc.15",
        "@girs/gmodule-2.0": "2.0.0-4.0.0-rc.15",
        "@girs/gobject-2.0": "2.88.0-4.0.0-rc.15",
        "@girs/polkit-1.0": "1.0.0-4.0.0-rc.15"
      }
    },
    "node_modules/@girs/shell-18": {
      "version": "18.0.0-4.0.0-rc.15",
      "resolved": "https://registry.npmjs.org/@girs/shell-18/-/shell-18-18.0.0-4.0.0-rc.15.tgz",
      "integrity": "sha512-y/XWOEzYnT9x191j1hMR+k08Fr41d1MEECama9qUqtFLW/QJOuAST5/gvCAZd+tMztTV5lQPEIIkIka75En1JQ==",
      "dev": true,
      "license": "MIT",
      "dependencies": {
        "@girs/atk-1.0": "2.60.0-4.0.0-rc.15",
        "@girs/cairo-1.0": "1.0.0-4.0.0-rc.15",
        "@girs/clutter-18": "18.0.0-4.0.0-rc.15",
        "@girs/cogl-18": "18.0.0-4.0.0-rc.15",
        "@girs/freetype2-2.0": "2.0.0-4.0.0-rc.15",
        "@girs/gck-2": "4.4.0-4.0.0-rc.15",
        "@girs/gcr-4": "4.4.0-4.0.0-rc.15",
        "@girs/gdesktopenums-3.0": "3.0.0-4.0.0-rc.15",
        "@girs/gdkpixbuf-2.0": "2.0.0-4.0.0-rc.15",
        "@girs/gio-2.0": "2.88.0-4.0.0-rc.15",
        "@girs/giounix-2.0": "2.0.0-4.0.0-rc.15",
        "@girs/gjs": "4.0.0-rc.15",
        "@girs/gl-1.0": "1.0.0-4.0.0-rc.15",
        "@girs/glib-2.0": "2.88.0-4.0.0-rc.15",
        "@girs/gmodule-2.0": "2.0.0-4.0.0-rc.15",
        "@girs/gobject-2.0": "2.88.0-4.0.0-rc.15",
        "@girs/graphene-1.0": "1.0.0-4.0.0-rc.15",
        "@girs/gvc-1.0": "1.0.0-4.0.0-rc.15",
        "@girs/harfbuzz-0.0": "13.2.1-4.0.0-rc.15",
        "@girs/meta-18": "18.0.0-4.0.0-rc.15",
        "@girs/mtk-18": "18.0.0-4.0.0-rc.15",
        "@girs/nm-1.0": "1.56.0-4.0.0-rc.15",
        "@girs/pango-1.0": "1.57.1-4.0.0-rc.15",
        "@girs/polkit-1.0": "1.0.0-4.0.0-rc.15",
        "@girs/polkitagent-1.0": "1.0.0-4.0.0-rc.15",
        "@girs/st-18": "18.0.0-4.0.0-rc.15",
        "@girs/xfixes-4.0": "4.0.0-4.0.0-rc.15",
        "@girs/xlib-2.0": "2.0.0-4.0.0-rc.15"
      }
    },
    "node_modules/@girs/shew-0": {
      "version": "0.0.0-4.0.0-rc.15",
      "resolved": "https://registry.npmjs.org/@girs/shew-0/-/shew-0-0.0.0-4.0.0-rc.15.tgz",
      "integrity": "sha512-rndWLcQXkyHE6ILydSEW+jTfYV3PZnjR6M8xLwTvEWKI/xMc21pUDzH/92JhxBWbN0xV+W4V7Z+GgXaNbUa3Iw==",
      "dev": true,
      "license": "MIT",
      "dependencies": {
        "@girs/cairo-1.0": "1.0.0-4.0.0-rc.15",
        "@girs/freetype2-2.0": "2.0.0-4.0.0-rc.15",
        "@girs/gdk-4.0": "4.0.0-4.0.0-rc.15",
        "@girs/gdkpixbuf-2.0": "2.0.0-4.0.0-rc.15",
        "@girs/gio-2.0": "2.88.0-4.0.0-rc.15",
        "@girs/gjs": "4.0.0-rc.15",
        "@girs/glib-2.0": "2.88.0-4.0.0-rc.15",
        "@girs/gmodule-2.0": "2.0.0-4.0.0-rc.15",
        "@girs/gobject-2.0": "2.88.0-4.0.0-rc.15",
        "@girs/graphene-1.0": "1.0.0-4.0.0-rc.15",
        "@girs/gsk-4.0": "4.0.0-4.0.0-rc.15",
        "@girs/gtk-4.0": "4.23.0-4.0.0-rc.15",
        "@girs/harfbuzz-0.0": "13.2.1-4.0.0-rc.15",
        "@girs/pango-1.0": "1.57.1-4.0.0-rc.15",
        "@girs/pangocairo-1.0": "1.0.0-4.0.0-rc.15"
      }
    },
    "node_modules/@girs/st-13": {
      "version": "13.0.0-4.0.0-rc.15",
      "resolved": "https://registry.npmjs.org/@girs/st-13/-/st-13-13.0.0-4.0.0-rc.15.tgz",
      "integrity": "sha512-ijN+CsyQb7V83XYGHe6pQDX2t7s9AhbZ8MUVPHtgcNS8RiGMr8hockqiq8OAWe4eT3HP9jWTACPaglj3t4F8ng==",
      "license": "MIT",
      "dependencies": {
        "@girs/atk-1.0": "2.60.0-4.0.0-rc.15",
        "@girs/cairo-1.0": "1.0.0-4.0.0-rc.15",
        "@girs/cally-13": "13.0.0-4.0.0-rc.15",
        "@girs/clutter-13": "13.0.0-4.0.0-rc.15",
        "@girs/cogl-13": "13.0.0-4.0.0-rc.15",
        "@girs/coglpango-13": "13.0.0-4.0.0-rc.15",
        "@girs/freetype2-2.0": "2.0.0-4.0.0-rc.15",
        "@girs/gdesktopenums-3.0": "3.0.0-4.0.0-rc.15",
        "@girs/gdkpixbuf-2.0": "2.0.0-4.0.0-rc.15",
        "@girs/gio-2.0": "2.88.0-4.0.0-rc.15",
        "@girs/gjs": "4.0.0-rc.15",
        "@girs/gl-1.0": "1.0.0-4.0.0-rc.15",
        "@girs/glib-2.0": "2.88.0-4.0.0-rc.15",
        "@girs/gmodule-2.0": "2.0.0-4.0.0-rc.15",
        "@girs/gobject-2.0": "2.88.0-4.0.0-rc.15",
        "@girs/graphene-1.0": "1.0.0-4.0.0-rc.15",
        "@girs/harfbuzz-0.0": "13.2.1-4.0.0-rc.15",
        "@girs/json-1.0": "1.10.8-4.0.0-rc.15",
        "@girs/meta-13": "13.0.0-4.0.0-rc.15",
        "@girs/mtk-13": "13.0.0-4.0.0-rc.15",
        "@girs/pango-1.0": "1.57.1-4.0.0-rc.15",
        "@girs/pangocairo-1.0": "1.0.0-4.0.0-rc.15",
        "@girs/xfixes-4.0": "4.0.0-4.0.0-rc.15",
        "@girs/xlib-2.0": "2.0.0-4.0.0-rc.15"
      }
    },
    "node_modules/@girs/st-18": {
      "version": "18.0.0-4.0.0-rc.15",
      "resolved": "https://registry.npmjs.org/@girs/st-18/-/st-18-18.0.0-4.0.0-rc.15.tgz",
      "integrity": "sha512-yObJnvNX2CntZG33bdXMh74sLbUySb2Ot65YYUgaohQ1cbmIOUIYUwvjutNLKlUYcqonXdwxL9aImBv1YsJLNA==",
      "dev": true,
      "license": "MIT",
      "dependencies": {
        "@girs/atk-1.0": "2.60.0-4.0.0-rc.15",
        "@girs/cairo-1.0": "1.0.0-4.0.0-rc.15",
        "@girs/clutter-18": "18.0.0-4.0.0-rc.15",
        "@girs/cogl-18": "18.0.0-4.0.0-rc.15",
        "@girs/freetype2-2.0": "2.0.0-4.0.0-rc.15",
        "@girs/gdesktopenums-3.0": "3.0.0-4.0.0-rc.15",
        "@girs/gdkpixbuf-2.0": "2.0.0-4.0.0-rc.15",
        "@girs/gio-2.0": "2.88.0-4.0.0-rc.15",
        "@girs/gjs": "4.0.0-rc.15",
        "@girs/gl-1.0": "1.0.0-4.0.0-rc.15",
        "@girs/glib-2.0": "2.88.0-4.0.0-rc.15",
        "@girs/gmodule-2.0": "2.0.0-4.0.0-rc.15",
        "@girs/gobject-2.0": "2.88.0-4.0.0-rc.15",
        "@girs/graphene-1.0": "1.0.0-4.0.0-rc.15",
        "@girs/harfbuzz-0.0": "13.2.1-4.0.0-rc.15",
        "@girs/meta-18": "18.0.0-4.0.0-rc.15",
        "@girs/mtk-18": "18.0.0-4.0.0-rc.15",
        "@girs/pango-1.0": "1.57.1-4.0.0-rc.15",
        "@girs/xfixes-4.0": "4.0.0-4.0.0-rc.15",
        "@girs/xlib-2.0": "2.0.0-4.0.0-rc.15"
      }
    },
    "node_modules/@girs/upowerglib-1.0": {
      "version": "1.91.1-4.0.0-rc.15",
      "resolved": "https://registry.npmjs.org/@girs/upowerglib-1.0/-/upowerglib-1.0-1.91.1-4.0.0-rc.15.tgz",
      "integrity": "sha512-RUlCxcPEmheOYfvs35AoQVGPBTbdr/PvJ8uj3dqAFhzckPYVCM7i9j+fwU6+8Igwr1dmKxul+AiJBa/gMwiS6g==",
      "dev": true,
      "license": "MIT",
      "dependencies": {
        "@girs/gio-2.0": "2.88.0-4.0.0-rc.15",
        "@girs/gjs": "4.0.0-rc.15",
        "@girs/glib-2.0": "2.88.0-4.0.0-rc.15",
        "@girs/gmodule-2.0": "2.0.0-4.0.0-rc.15",
        "@girs/gobject-2.0": "2.88.0-4.0.0-rc.15"
      }
    },
    "node_modules/@girs/xfixes-4.0": {
      "version": "4.0.0-4.0.0-rc.15",
      "resolved": "https://registry.npmjs.org/@girs/xfixes-4.0/-/xfixes-4.0-4.0.0-4.0.0-rc.15.tgz",
      "integrity": "sha512-04Fd+YzfQvfzuzpjJwzs9cRjaE8DgiiMmv3oOr32s4URqtPydH9WvjEhL3HNLbVdrXm3EWXgphVlBpqtTxoejg==",
      "license": "MIT",
      "dependencies": {
        "@girs/gjs": "4.0.0-rc.15",
        "@girs/gobject-2.0": "2.88.0-4.0.0-rc.15"
      }
    },
    "node_modules/@girs/xlib-2.0": {
      "version": "2.0.0-4.0.0-rc.15",
      "resolved": "https://registry.npmjs.org/@girs/xlib-2.0/-/xlib-2.0-2.0.0-4.0.0-rc.15.tgz",
      "integrity": "sha512-xtb0QCs1qeURg5XqcSGFGLg52doBK5Mu0bUF5uuhMpgNVtqyPXzKZWTz+PtyZJKWiVC1a1qZ/ExBurnGOE1Oow==",
      "license": "MIT",
      "dependencies": {
        "@girs/gjs": "4.0.0-rc.15",
        "@girs/gobject-2.0": "2.88.0-4.0.0-rc.15"
      }
    },
    "node_modules/@gtile/gjs": {
      "version": "3.2.3",
      "resolved": "https://registry.npmjs.org/@gtile/gjs/-/gjs-3.2.3.tgz",
      "integrity": "sha512-mO1yUPyMhzhOUYESX3syIHU2Ztm1V9INehPSTFNEa4zVzCI09sedmJFIE1fAmhc6d/p0cevnKiK0q/d76plIDQ==",
      "license": "MIT",
      "dependencies": {
        "@gtile/glib-2.0": "*",
        "@gtile/gobject-2.0": "*"
      }
    },
    "node_modules/@gtile/glib-2.0": {
      "version": "2.78.0-3.2.3",
      "resolved": "https://registry.npmjs.org/@gtile/glib-2.0/-/glib-2.0-2.78.0-3.2.3.tgz",
      "integrity": "sha512-8b6AIoD3dW1r05bDfjDQmx2Y0LfnMz1dxDBV834SOHt/Syrwsi6Ry4opqdYYY5ElToMQm9NgfzfHnGlYG0fqYw==",
      "license": "MIT",
      "dependencies": {
        "@gtile/gjs": "3.2.3",
        "@gtile/gobject-2.0": "*"
      }
    },
    "node_modules/@gtile/gobject-2.0": {
      "version": "2.78.0-3.2.3",
      "resolved": "https://registry.npmjs.org/@gtile/gobject-2.0/-/gobject-2.0-2.78.0-3.2.3.tgz",
      "integrity": "sha512-A1LJ9DsTbDiQUZNfPLR2GP+Ji8ywb+C8TxTjO6K/qMvVvLaaNY31QTp+DSEgGfBscs3QCI7lDXGC8gt5YIsxQw==",
      "license": "MIT",
      "dependencies": {
        "@gtile/gjs": "3.2.3",
        "@gtile/glib-2.0": "*"
      }
    },
    "node_modules/typescript": {
      "version": "6.0.3",
      "resolved": "https://registry.npmjs.org/typescript/-/typescript-6.0.3.tgz",
      "integrity": "sha512-y2TvuxSZPDyQakkFRPZHKFm+KKVqIisdg9/CZwm9ftvKXLP8NRWj38/ODjNbr43SsoXqNuAisEf1GdCxqWcdBw==",
      "dev": true,
      "license": "Apache-2.0",
      "bin": {
        "tsc": "bin/tsc",
        "tsserver": "bin/tsserver"
      },
      "engines": {
        "node": ">=14.17"
      }
    }
  }
}
